
Microsoft Visual Studio Solution File, Format Version 12.00
# Visual Studio Version 17
VisualStudioVersion = 17.14.36310.24 d17.14
MinimumVisualStudioVersion = 10.0.40219.1
Project("{FAE04EC0-301F-11D3-BF4B-00C04F79EFBC}") = "RadioLabel", "RadioLabel\RadioLabel.csproj", "{79EA663B-32BB-4950-B7B8-5486F8AD3B17}"
EndProject
Global
	GlobalSection(SolutionConfigurationPlatforms) = preSolution
		Debug|Any CPU = Debug|Any CPU
		Release|Any CPU = Release|Any CPU
	EndGlobalSection
	GlobalSection(ProjectConfigurationPlatforms) = postSolution
		{79EA663B-32BB-4950-B7B8-5486F8AD3B17}.Debug|Any CPU.ActiveCfg = Debug|Any CPU
		{79EA663B-32BB-4950-B7B8-5486F8AD3B17}.Debug|Any CPU.Build.0 = Debug|Any CPU
		{79EA663B-32BB-4950-B7B8-5486F8AD3B17}.Release|Any CPU.ActiveCfg = Release|Any CPU
		{79EA663B-32BB-4950-B7B8-5486F8AD3B17}.Release|Any CPU.Build.0 = Release|Any CPU
	EndGlobalSection
	GlobalSection(SolutionProperties) = preSolution
		HideSolutionNode = FALSE
	EndGlobalSection
	GlobalSection(ExtensibilityGlobals) = postSolution
		SolutionGuid = {FBBB0D32-1B85-48E6-98BE-BD62B7B4B167}
	EndGlobalSection
EndGlobal
