
Microsoft Visual Studio Solution File, Format Version 12.00
# Visual Studio Version 17
VisualStudioVersion = 17.14.36221.1 d17.14
MinimumVisualStudioVersion = 10.0.40219.1
Project("{FAE04EC0-301F-11D3-BF4B-00C04F79EFBC}") = "WebApplication1", "WebApplication1\WebApplication1.csproj", "{647B305F-6411-4BC1-B94B-D141F1364444}"
EndProject
Global
	GlobalSection(SolutionConfigurationPlatforms) = preSolution
		Debug|Any CPU = Debug|Any CPU
		Release|Any CPU = Release|Any CPU
	EndGlobalSection
	GlobalSection(ProjectConfigurationPlatforms) = postSolution
		{647B305F-6411-4BC1-B94B-D141F1364444}.Debug|Any CPU.ActiveCfg = Debug|Any CPU
		{647B305F-6411-4BC1-B94B-D141F1364444}.Debug|Any CPU.Build.0 = Debug|Any CPU
		{647B305F-6411-4BC1-B94B-D141F1364444}.Release|Any CPU.ActiveCfg = Release|Any CPU
		{647B305F-6411-4BC1-B94B-D141F1364444}.Release|Any CPU.Build.0 = Release|Any CPU
	EndGlobalSection
	GlobalSection(SolutionProperties) = preSolution
		HideSolutionNode = FALSE
	EndGlobalSection
	GlobalSection(ExtensibilityGlobals) = postSolution
		SolutionGuid = {708F7CEC-8C44-4E52-9E25-452971B8CB81}
	EndGlobalSection
EndGlobal
