
Microsoft Visual Studio Solution File, Format Version 12.00
# Visual Studio Version 17
VisualStudioVersion = 17.14.36221.1 d17.14
MinimumVisualStudioVersion = 10.0.40219.1
Project("{FAE04EC0-301F-11D3-BF4B-00C04F79EFBC}") = "WebApplication01", "WebApplication01\WebApplication01.csproj", "{8B71606A-8D1B-43E7-9B17-71264CF3CD33}"
EndProject
Global
	GlobalSection(SolutionConfigurationPlatforms) = preSolution
		Debug|Any CPU = Debug|Any CPU
		Release|Any CPU = Release|Any CPU
	EndGlobalSection
	GlobalSection(ProjectConfigurationPlatforms) = postSolution
		{8B71606A-8D1B-43E7-9B17-71264CF3CD33}.Debug|Any CPU.ActiveCfg = Debug|Any CPU
		{8B71606A-8D1B-43E7-9B17-71264CF3CD33}.Debug|Any CPU.Build.0 = Debug|Any CPU
		{8B71606A-8D1B-43E7-9B17-71264CF3CD33}.Release|Any CPU.ActiveCfg = Release|Any CPU
		{8B71606A-8D1B-43E7-9B17-71264CF3CD33}.Release|Any CPU.Build.0 = Release|Any CPU
	EndGlobalSection
	GlobalSection(SolutionProperties) = preSolution
		HideSolutionNode = FALSE
	EndGlobalSection
	GlobalSection(ExtensibilityGlobals) = postSolution
		SolutionGuid = {FEBBFBEE-C42F-415F-8564-4A274E7C5C6D}
	EndGlobalSection
EndGlobal
