
Microsoft Visual Studio Solution File, Format Version 12.00
# Visual Studio Version 17
VisualStudioVersion = 17.14.36221.1 d17.14
MinimumVisualStudioVersion = 10.0.40219.1
Project("{FAE04EC0-301F-11D3-BF4B-00C04F79EFBC}") = "validation", "validation\validation.csproj", "{1985C6F4-A3C7-4F7E-949D-87E5E7EAEA59}"
EndProject
Global
	GlobalSection(SolutionConfigurationPlatforms) = preSolution
		Debug|Any CPU = Debug|Any CPU
		Release|Any CPU = Release|Any CPU
	EndGlobalSection
	GlobalSection(ProjectConfigurationPlatforms) = postSolution
		{1985C6F4-A3C7-4F7E-949D-87E5E7EAEA59}.Debug|Any CPU.ActiveCfg = Debug|Any CPU
		{1985C6F4-A3C7-4F7E-949D-87E5E7EAEA59}.Debug|Any CPU.Build.0 = Debug|Any CPU
		{1985C6F4-A3C7-4F7E-949D-87E5E7EAEA59}.Release|Any CPU.ActiveCfg = Release|Any CPU
		{1985C6F4-A3C7-4F7E-949D-87E5E7EAEA59}.Release|Any CPU.Build.0 = Release|Any CPU
	EndGlobalSection
	GlobalSection(SolutionProperties) = preSolution
		HideSolutionNode = FALSE
	EndGlobalSection
	GlobalSection(ExtensibilityGlobals) = postSolution
		SolutionGuid = {7C250924-4582-4253-ABB2-C12E409AB5F8}
	EndGlobalSection
EndGlobal
