
Microsoft Visual Studio Solution File, Format Version 12.00
# Visual Studio Version 17
VisualStudioVersion = 17.14.36221.1 d17.14
MinimumVisualStudioVersion = 10.0.40219.1
Project("{FAE04EC0-301F-11D3-BF4B-00C04F79EFBC}") = "first", "first\first.csproj", "{3D9653ED-8443-4DCE-AF43-03DA884CF10C}"
EndProject
Global
	GlobalSection(SolutionConfigurationPlatforms) = preSolution
		Debug|Any CPU = Debug|Any CPU
		Release|Any CPU = Release|Any CPU
	EndGlobalSection
	GlobalSection(ProjectConfigurationPlatforms) = postSolution
		{3D9653ED-8443-4DCE-AF43-03DA884CF10C}.Debug|Any CPU.ActiveCfg = Debug|Any CPU
		{3D9653ED-8443-4DCE-AF43-03DA884CF10C}.Debug|Any CPU.Build.0 = Debug|Any CPU
		{3D9653ED-8443-4DCE-AF43-03DA884CF10C}.Release|Any CPU.ActiveCfg = Release|Any CPU
		{3D9653ED-8443-4DCE-AF43-03DA884CF10C}.Release|Any CPU.Build.0 = Release|Any CPU
	EndGlobalSection
	GlobalSection(SolutionProperties) = preSolution
		HideSolutionNode = FALSE
	EndGlobalSection
	GlobalSection(ExtensibilityGlobals) = postSolution
		SolutionGuid = {087D874F-72CB-4AC8-B602-E6B3EF192750}
	EndGlobalSection
EndGlobal
